
Microsoft Visual Studio Solution File, Format Version 12.00
# Visual Studio Version 16
VisualStudioVersion = 16.0.28803.452
MinimumVisualStudioVersion = 10.0.40219.1
Project("{FAE04EC0-301F-11D3-BF4B-00C04F79EFBC}") = "newClipApp", "newClipApp\newClipApp.csproj", "{AB223FB9-A7CC-4375-AEED-113C409F9FA7}"
EndProject
Global
	GlobalSection(SolutionConfigurationPlatforms) = preSolution
		Debug|Any CPU = Debug|Any CPU
		Release|Any CPU = Release|Any CPU
	EndGlobalSection
	GlobalSection(ProjectConfigurationPlatforms) = postSolution
		{AB223FB9-A7CC-4375-AEED-113C409F9FA7}.Debug|Any CPU.ActiveCfg = Debug|Any CPU
		{AB223FB9-A7CC-4375-AEED-113C409F9FA7}.Debug|Any CPU.Build.0 = Debug|Any CPU
		{AB223FB9-A7CC-4375-AEED-113C409F9FA7}.Release|Any CPU.ActiveCfg = Release|Any CPU
		{AB223FB9-A7CC-4375-AEED-113C409F9FA7}.Release|Any CPU.Build.0 = Release|Any CPU
	EndGlobalSection
	GlobalSection(SolutionProperties) = preSolution
		HideSolutionNode = FALSE
	EndGlobalSection
	GlobalSection(ExtensibilityGlobals) = postSolution
		SolutionGuid = {E4FEA2ED-6011-445A-9AEA-AF8C319F50E6}
	EndGlobalSection
EndGlobal
